
Microsoft Visual Studio Solution File, Format Version 12.00
# Visual Studio 14
VisualStudioVersion = 14.0.23107.0
MinimumVisualStudioVersion = 10.0.40219.1
Project("{FAE04EC0-301F-11D3-BF4B-00C04F79EFBC}") = "repo checker", "repo checker\repo checker.csproj", "{B9CB41F8-0250-46E6-AF4E-9F1D8CC12302}"
EndProject
Global
	GlobalSection(SolutionConfigurationPlatforms) = preSolution
		Debug|Any CPU = Debug|Any CPU
		Release|Any CPU = Release|Any CPU
	EndGlobalSection
	GlobalSection(ProjectConfigurationPlatforms) = postSolution
		{B9CB41F8-0250-46E6-AF4E-9F1D8CC12302}.Debug|Any CPU.ActiveCfg = Debug|Any CPU
		{B9CB41F8-0250-46E6-AF4E-9F1D8CC12302}.Debug|Any CPU.Build.0 = Debug|Any CPU
		{B9CB41F8-0250-46E6-AF4E-9F1D8CC12302}.Release|Any CPU.ActiveCfg = Release|Any CPU
		{B9CB41F8-0250-46E6-AF4E-9F1D8CC12302}.Release|Any CPU.Build.0 = Release|Any CPU
	EndGlobalSection
	GlobalSection(SolutionProperties) = preSolution
		HideSolutionNode = FALSE
	EndGlobalSection
EndGlobal
